// !$*UTF8*$!
{
	archiveVersion = 1;
	classes = {
	};
	objectVersion = 56;
	objects = {

/* Begin PBXBuildFile section */
		A10000000000000000000001 /* SideKitApp.swift in Sources */ = {isa = PBXBuildFile; fileRef = B10000000000000000000001 /* SideKitApp.swift */; };
		A10000000000000000000002 /* Theme.swift in Sources */ = {isa = PBXBuildFile; fileRef = B10000000000000000000002 /* Theme.swift */; };
		A10000000000000000000003 /* Models.swift in Sources */ = {isa = PBXBuildFile; fileRef = B10000000000000000000003 /* Models.swift */; };
		A10000000000000000000004 /* MixerStore.swift in Sources */ = {isa = PBXBuildFile; fileRef = B10000000000000000000004 /* MixerStore.swift */; };
		A10000000000000000000005 /* AudioEngine.swift in Sources */ = {isa = PBXBuildFile; fileRef = B10000000000000000000005 /* AudioEngine.swift */; };
		A10000000000000000000006 /* HardwareMonitor.swift in Sources */ = {isa = PBXBuildFile; fileRef = B10000000000000000000006 /* HardwareMonitor.swift */; };
		A10000000000000000000007 /* Controls.swift in Sources */ = {isa = PBXBuildFile; fileRef = B10000000000000000000007 /* Controls.swift */; };
		A10000000000000000000008 /* RootView.swift in Sources */ = {isa = PBXBuildFile; fileRef = B10000000000000000000008 /* RootView.swift */; };
		A10000000000000000000009 /* MixerView.swift in Sources */ = {isa = PBXBuildFile; fileRef = B10000000000000000000009 /* MixerView.swift */; };
		A1000000000000000000000A /* DecksView.swift in Sources */ = {isa = PBXBuildFile; fileRef = B1000000000000000000000A /* DecksView.swift */; };
		A1000000000000000000000B /* FXView.swift in Sources */ = {isa = PBXBuildFile; fileRef = B1000000000000000000000B /* FXView.swift */; };
		A1000000000000000000000C /* LibraryView.swift in Sources */ = {isa = PBXBuildFile; fileRef = B1000000000000000000000C /* LibraryView.swift */; };
		A1000000000000000000000D /* LinkView.swift in Sources */ = {isa = PBXBuildFile; fileRef = B1000000000000000000000D /* LinkView.swift */; };
		A10000000000000000000010 /* SKAudioBridge.swift in Sources */ = {isa = PBXBuildFile; fileRef = B10000000000000000000010 /* SKAudioBridge.swift */; };
		A10000000000000000000012 /* FileDecoder.swift in Sources */ = {isa = PBXBuildFile; fileRef = B10000000000000000000012 /* FileDecoder.swift */; };
		A10000000000000000000015 /* PeakCache.swift in Sources */ = {isa = PBXBuildFile; fileRef = B10000000000000000000015 /* PeakCache.swift */; };
		A10000000000000000000016 /* WaveformView.swift in Sources */ = {isa = PBXBuildFile; fileRef = B10000000000000000000016 /* WaveformView.swift */; };
		A10000000000000000000013 /* side_street_48k.wav in Resources */ = {isa = PBXBuildFile; fileRef = B10000000000000000000013 /* side_street_48k.wav */; };
		A10000000000000000000014 /* plastic_peg_441.wav in Resources */ = {isa = PBXBuildFile; fileRef = B10000000000000000000014 /* plastic_peg_441.wav */; };
		A1000000000000000000000E /* Assets.xcassets in Resources */ = {isa = PBXBuildFile; fileRef = B1000000000000000000000E /* Assets.xcassets */; };
		A1000000000000000000000F /* Preview Assets.xcassets in Resources */ = {isa = PBXBuildFile; fileRef = B1000000000000000000000F /* Preview Assets.xcassets */; };
		A20000000000000000000001 /* Engine.cpp in Sources */ = {isa = PBXBuildFile; fileRef = B20000000000000000000001 /* Engine.cpp */; };
		A20000000000000000000002 /* libSideKitAudio.a in Frameworks */ = {isa = PBXBuildFile; fileRef = C20000000000000000000001 /* libSideKitAudio.a */; };
/* End PBXBuildFile section */

/* Begin PBXContainerItemProxy section */
		P20000000000000000000001 /* PBXContainerItemProxy */ = {
			isa = PBXContainerItemProxy;
			containerPortal = F10000000000000000000000 /* Project object */;
			proxyType = 1;
			remoteGlobalIDString = F20000000000000000000020;
			remoteInfo = SideKitAudio;
		};
/* End PBXContainerItemProxy section */

/* Begin PBXFileReference section */
		C10000000000000000000001 /* SideKit.app */ = {isa = PBXFileReference; explicitFileType = wrapper.application; includeInIndex = 0; path = SideKit.app; sourceTree = BUILT_PRODUCTS_DIR; };
		C20000000000000000000001 /* libSideKitAudio.a */ = {isa = PBXFileReference; explicitFileType = archive.ar; includeInIndex = 0; path = libSideKitAudio.a; sourceTree = BUILT_PRODUCTS_DIR; };
		B10000000000000000000001 /* SideKitApp.swift */ = {isa = PBXFileReference; lastKnownFileType = sourcecode.swift; path = SideKitApp.swift; sourceTree = "<group>"; };
		B10000000000000000000002 /* Theme.swift */ = {isa = PBXFileReference; lastKnownFileType = sourcecode.swift; path = Theme.swift; sourceTree = "<group>"; };
		B10000000000000000000003 /* Models.swift */ = {isa = PBXFileReference; lastKnownFileType = sourcecode.swift; path = Models.swift; sourceTree = "<group>"; };
		B10000000000000000000004 /* MixerStore.swift */ = {isa = PBXFileReference; lastKnownFileType = sourcecode.swift; path = MixerStore.swift; sourceTree = "<group>"; };
		B10000000000000000000005 /* AudioEngine.swift */ = {isa = PBXFileReference; lastKnownFileType = sourcecode.swift; path = AudioEngine.swift; sourceTree = "<group>"; };
		B10000000000000000000006 /* HardwareMonitor.swift */ = {isa = PBXFileReference; lastKnownFileType = sourcecode.swift; path = HardwareMonitor.swift; sourceTree = "<group>"; };
		B10000000000000000000007 /* Controls.swift */ = {isa = PBXFileReference; lastKnownFileType = sourcecode.swift; path = Controls.swift; sourceTree = "<group>"; };
		B10000000000000000000008 /* RootView.swift */ = {isa = PBXFileReference; lastKnownFileType = sourcecode.swift; path = RootView.swift; sourceTree = "<group>"; };
		B10000000000000000000009 /* MixerView.swift */ = {isa = PBXFileReference; lastKnownFileType = sourcecode.swift; path = MixerView.swift; sourceTree = "<group>"; };
		B1000000000000000000000A /* DecksView.swift */ = {isa = PBXFileReference; lastKnownFileType = sourcecode.swift; path = DecksView.swift; sourceTree = "<group>"; };
		B1000000000000000000000B /* FXView.swift */ = {isa = PBXFileReference; lastKnownFileType = sourcecode.swift; path = FXView.swift; sourceTree = "<group>"; };
		B1000000000000000000000C /* LibraryView.swift */ = {isa = PBXFileReference; lastKnownFileType = sourcecode.swift; path = LibraryView.swift; sourceTree = "<group>"; };
		B1000000000000000000000D /* LinkView.swift */ = {isa = PBXFileReference; lastKnownFileType = sourcecode.swift; path = LinkView.swift; sourceTree = "<group>"; };
		B10000000000000000000010 /* SKAudioBridge.swift */ = {isa = PBXFileReference; lastKnownFileType = sourcecode.swift; path = SKAudioBridge.swift; sourceTree = "<group>"; };
		B10000000000000000000012 /* FileDecoder.swift */ = {isa = PBXFileReference; lastKnownFileType = sourcecode.swift; path = FileDecoder.swift; sourceTree = "<group>"; };
		B10000000000000000000015 /* PeakCache.swift */ = {isa = PBXFileReference; lastKnownFileType = sourcecode.swift; path = PeakCache.swift; sourceTree = "<group>"; };
		B10000000000000000000016 /* WaveformView.swift */ = {isa = PBXFileReference; lastKnownFileType = sourcecode.swift; path = WaveformView.swift; sourceTree = "<group>"; };
		B10000000000000000000013 /* side_street_48k.wav */ = {isa = PBXFileReference; lastKnownFileType = audio.wav; name = side_street_48k.wav; path = Audio/side_street_48k.wav; sourceTree = "<group>"; };
		B10000000000000000000014 /* plastic_peg_441.wav */ = {isa = PBXFileReference; lastKnownFileType = audio.wav; name = plastic_peg_441.wav; path = Audio/plastic_peg_441.wav; sourceTree = "<group>"; };
		B10000000000000000000011 /* SideKit-Bridging-Header.h */ = {isa = PBXFileReference; lastKnownFileType = sourcecode.c.h; path = "SideKit-Bridging-Header.h"; sourceTree = "<group>"; };
		B1000000000000000000000E /* Assets.xcassets */ = {isa = PBXFileReference; lastKnownFileType = folder.assetcatalog; path = Assets.xcassets; sourceTree = "<group>"; };
		B1000000000000000000000F /* Preview Assets.xcassets */ = {isa = PBXFileReference; lastKnownFileType = folder.assetcatalog; path = "Preview Assets.xcassets"; sourceTree = "<group>"; };
		B20000000000000000000001 /* Engine.cpp */ = {isa = PBXFileReference; lastKnownFileType = sourcecode.cpp.cpp; path = Engine.cpp; sourceTree = "<group>"; };
		B20000000000000000000002 /* Engine.hpp */ = {isa = PBXFileReference; lastKnownFileType = sourcecode.cpp.h; path = Engine.hpp; sourceTree = "<group>"; };
		B20000000000000000000003 /* RingBuffer.hpp */ = {isa = PBXFileReference; lastKnownFileType = sourcecode.cpp.h; path = RingBuffer.hpp; sourceTree = "<group>"; };
		B20000000000000000000004 /* sidekit_audio.h */ = {isa = PBXFileReference; lastKnownFileType = sourcecode.c.h; path = sidekit_audio.h; sourceTree = "<group>"; };
		B20000000000000000000005 /* hello_render_test.cpp */ = {isa = PBXFileReference; lastKnownFileType = sourcecode.cpp.cpp; path = hello_render_test.cpp; sourceTree = "<group>"; };
/* End PBXFileReference section */

/* Begin PBXFrameworksBuildPhase section */
		D10000000000000000000001 /* Frameworks */ = {
			isa = PBXFrameworksBuildPhase;
			buildActionMask = 2147483647;
			files = (
				A20000000000000000000002 /* libSideKitAudio.a in Frameworks */,
			);
			runOnlyForDeploymentPostprocessing = 0;
		};
		D20000000000000000000001 /* Frameworks */ = {
			isa = PBXFrameworksBuildPhase;
			buildActionMask = 2147483647;
			files = (
			);
			runOnlyForDeploymentPostprocessing = 0;
		};
/* End PBXFrameworksBuildPhase section */

/* Begin PBXGroup section */
		E10000000000000000000001 = {
			isa = PBXGroup;
			children = (
				E10000000000000000000002 /* SideKit */,
				E20000000000000000000001 /* SideKitAudio */,
				E10000000000000000000003 /* Products */,
			);
			sourceTree = "<group>";
		};
		E10000000000000000000002 /* SideKit */ = {
			isa = PBXGroup;
			children = (
				B10000000000000000000001 /* SideKitApp.swift */,
				B10000000000000000000008 /* RootView.swift */,
				B10000000000000000000002 /* Theme.swift */,
				B10000000000000000000003 /* Models.swift */,
				B10000000000000000000004 /* MixerStore.swift */,
				B10000000000000000000005 /* AudioEngine.swift */,
				B10000000000000000000010 /* SKAudioBridge.swift */,
				B10000000000000000000012 /* FileDecoder.swift */,
				B10000000000000000000015 /* PeakCache.swift */,
				B10000000000000000000016 /* WaveformView.swift */,
				B10000000000000000000013 /* side_street_48k.wav */,
				B10000000000000000000014 /* plastic_peg_441.wav */,
				B10000000000000000000006 /* HardwareMonitor.swift */,
				B10000000000000000000007 /* Controls.swift */,
				B10000000000000000000009 /* MixerView.swift */,
				B1000000000000000000000A /* DecksView.swift */,
				B1000000000000000000000B /* FXView.swift */,
				B1000000000000000000000C /* LibraryView.swift */,
				B1000000000000000000000D /* LinkView.swift */,
				B10000000000000000000011 /* SideKit-Bridging-Header.h */,
				B1000000000000000000000E /* Assets.xcassets */,
				E10000000000000000000004 /* Preview Content */,
			);
			path = SideKit;
			sourceTree = "<group>";
		};
		E10000000000000000000003 /* Products */ = {
			isa = PBXGroup;
			children = (
				C10000000000000000000001 /* SideKit.app */,
				C20000000000000000000001 /* libSideKitAudio.a */,
			);
			name = Products;
			sourceTree = "<group>";
		};
		E10000000000000000000004 /* Preview Content */ = {
			isa = PBXGroup;
			children = (
				B1000000000000000000000F /* Preview Assets.xcassets */,
			);
			path = "Preview Content";
			sourceTree = "<group>";
		};
		E20000000000000000000001 /* SideKitAudio */ = {
			isa = PBXGroup;
			children = (
				E20000000000000000000002 /* include */,
				E20000000000000000000003 /* src */,
				E20000000000000000000004 /* tests */,
			);
			path = SideKitAudio;
			sourceTree = "<group>";
		};
		E20000000000000000000002 /* include */ = {
			isa = PBXGroup;
			children = (
				B20000000000000000000004 /* sidekit_audio.h */,
			);
			path = include;
			sourceTree = "<group>";
		};
		E20000000000000000000003 /* src */ = {
			isa = PBXGroup;
			children = (
				B20000000000000000000001 /* Engine.cpp */,
				B20000000000000000000002 /* Engine.hpp */,
				B20000000000000000000003 /* RingBuffer.hpp */,
			);
			path = src;
			sourceTree = "<group>";
		};
		E20000000000000000000004 /* tests */ = {
			isa = PBXGroup;
			children = (
				B20000000000000000000005 /* hello_render_test.cpp */,
			);
			path = tests;
			sourceTree = "<group>";
		};
/* End PBXGroup section */

/* Begin PBXNativeTarget section */
		F10000000000000000000001 /* SideKit */ = {
			isa = PBXNativeTarget;
			buildConfigurationList = F10000000000000000000011 /* Build configuration list for PBXNativeTarget "SideKit" */;
			buildPhases = (
				F10000000000000000000002 /* Sources */,
				D10000000000000000000001 /* Frameworks */,
				F10000000000000000000003 /* Resources */,
			);
			buildRules = (
			);
			dependencies = (
				P20000000000000000000002 /* PBXTargetDependency */,
			);
			name = SideKit;
			productName = SideKit;
			productReference = C10000000000000000000001 /* SideKit.app */;
			productType = "com.apple.product-type.application";
		};
		F20000000000000000000020 /* SideKitAudio */ = {
			isa = PBXNativeTarget;
			buildConfigurationList = F20000000000000000000021 /* Build configuration list for PBXNativeTarget "SideKitAudio" */;
			buildPhases = (
				F20000000000000000000022 /* Sources */,
				D20000000000000000000001 /* Frameworks */,
			);
			buildRules = (
			);
			dependencies = (
			);
			name = SideKitAudio;
			productName = SideKitAudio;
			productReference = C20000000000000000000001 /* libSideKitAudio.a */;
			productType = "com.apple.product-type.library.static";
		};
/* End PBXNativeTarget section */

/* Begin PBXProject section */
		F10000000000000000000000 /* Project object */ = {
			isa = PBXProject;
			attributes = {
				BuildIndependentTargetsInParallel = 1;
				LastSwiftUpdateCheck = 1600;
				LastUpgradeCheck = 1600;
				TargetAttributes = {
					F10000000000000000000001 = {
						CreatedOnToolsVersion = 16.0;
					};
					F20000000000000000000020 = {
						CreatedOnToolsVersion = 16.0;
					};
				};
			};
			buildConfigurationList = F10000000000000000000010 /* Build configuration list for PBXProject "SideKit" */;
			compatibilityVersion = "Xcode 14.0";
			developmentRegion = en;
			hasScannedForEncodings = 0;
			knownRegions = (
				en,
				Base,
			);
			mainGroup = E10000000000000000000001;
			productRefGroup = E10000000000000000000003 /* Products */;
			projectDirPath = "";
			projectRoot = "";
			targets = (
				F10000000000000000000001 /* SideKit */,
				F20000000000000000000020 /* SideKitAudio */,
			);
		};
/* End PBXProject section */

/* Begin PBXResourcesBuildPhase section */
		F10000000000000000000003 /* Resources */ = {
			isa = PBXResourcesBuildPhase;
			buildActionMask = 2147483647;
			files = (
				A1000000000000000000000E /* Assets.xcassets in Resources */,
				A1000000000000000000000F /* Preview Assets.xcassets in Resources */,
				A10000000000000000000013 /* side_street_48k.wav in Resources */,
				A10000000000000000000014 /* plastic_peg_441.wav in Resources */,
			);
			runOnlyForDeploymentPostprocessing = 0;
		};
/* End PBXResourcesBuildPhase section */

/* Begin PBXSourcesBuildPhase section */
		F10000000000000000000002 /* Sources */ = {
			isa = PBXSourcesBuildPhase;
			buildActionMask = 2147483647;
			files = (
				A10000000000000000000001 /* SideKitApp.swift in Sources */,
				A10000000000000000000002 /* Theme.swift in Sources */,
				A10000000000000000000003 /* Models.swift in Sources */,
				A10000000000000000000004 /* MixerStore.swift in Sources */,
				A10000000000000000000005 /* AudioEngine.swift in Sources */,
				A10000000000000000000010 /* SKAudioBridge.swift in Sources */,
				A10000000000000000000012 /* FileDecoder.swift in Sources */,
				A10000000000000000000015 /* PeakCache.swift in Sources */,
				A10000000000000000000016 /* WaveformView.swift in Sources */,
				A10000000000000000000006 /* HardwareMonitor.swift in Sources */,
				A10000000000000000000007 /* Controls.swift in Sources */,
				A10000000000000000000008 /* RootView.swift in Sources */,
				A10000000000000000000009 /* MixerView.swift in Sources */,
				A1000000000000000000000A /* DecksView.swift in Sources */,
				A1000000000000000000000B /* FXView.swift in Sources */,
				A1000000000000000000000C /* LibraryView.swift in Sources */,
				A1000000000000000000000D /* LinkView.swift in Sources */,
			);
			runOnlyForDeploymentPostprocessing = 0;
		};
		F20000000000000000000022 /* Sources */ = {
			isa = PBXSourcesBuildPhase;
			buildActionMask = 2147483647;
			files = (
				A20000000000000000000001 /* Engine.cpp in Sources */,
			);
			runOnlyForDeploymentPostprocessing = 0;
		};
/* End PBXSourcesBuildPhase section */

/* Begin PBXTargetDependency section */
		P20000000000000000000002 /* PBXTargetDependency */ = {
			isa = PBXTargetDependency;
			target = F20000000000000000000020 /* SideKitAudio */;
			targetProxy = P20000000000000000000001 /* PBXContainerItemProxy */;
		};
/* End PBXTargetDependency section */

/* Begin XCBuildConfiguration section */
		F20000000000000000000001 /* Debug */ = {
			isa = XCBuildConfiguration;
			buildSettings = {
				ALWAYS_SEARCH_USER_PATHS = NO;
				ASSETCATALOG_COMPILER_GENERATE_SWIFT_ASSET_SYMBOL_EXTENSIONS = YES;
				CLANG_CXX_LANGUAGE_STANDARD = "gnu++17";
				CLANG_ENABLE_MODULES = YES;
				CLANG_ENABLE_OBJC_ARC = YES;
				COPY_PHASE_STRIP = NO;
				DEBUG_INFORMATION_FORMAT = dwarf;
				ENABLE_STRICT_OBJC_MSGSEND = YES;
				ENABLE_TESTABILITY = YES;
				GCC_DYNAMIC_NO_PIC = NO;
				GCC_OPTIMIZATION_LEVEL = 0;
				IPHONEOS_DEPLOYMENT_TARGET = 17.0;
				MTL_ENABLE_DEBUG_INFO = INCLUDE_SOURCE;
				ONLY_ACTIVE_ARCH = YES;
				SDKROOT = iphoneos;
				SWIFT_ACTIVE_COMPILATION_CONDITIONS = DEBUG;
				SWIFT_OPTIMIZATION_LEVEL = "-Onone";
			};
			name = Debug;
		};
		F20000000000000000000002 /* Release */ = {
			isa = XCBuildConfiguration;
			buildSettings = {
				ALWAYS_SEARCH_USER_PATHS = NO;
				ASSETCATALOG_COMPILER_GENERATE_SWIFT_ASSET_SYMBOL_EXTENSIONS = YES;
				CLANG_CXX_LANGUAGE_STANDARD = "gnu++17";
				CLANG_ENABLE_MODULES = YES;
				CLANG_ENABLE_OBJC_ARC = YES;
				COPY_PHASE_STRIP = NO;
				DEBUG_INFORMATION_FORMAT = "dwarf-with-dsym";
				ENABLE_NS_ASSERTIONS = NO;
				ENABLE_STRICT_OBJC_MSGSEND = YES;
				IPHONEOS_DEPLOYMENT_TARGET = 17.0;
				MTL_ENABLE_DEBUG_INFO = NO;
				SDKROOT = iphoneos;
				SWIFT_COMPILATION_MODE = wholemodule;
				VALIDATE_PRODUCT = YES;
			};
			name = Release;
		};
		F20000000000000000000003 /* Debug */ = {
			isa = XCBuildConfiguration;
			buildSettings = {
				ASSETCATALOG_COMPILER_APPICON_NAME = AppIcon;
				ASSETCATALOG_COMPILER_GLOBAL_ACCENT_COLOR_NAME = AccentColor;
				CODE_SIGN_IDENTITY = "Apple Development";
				CODE_SIGN_STYLE = Automatic;
				CURRENT_PROJECT_VERSION = 1;
				DEVELOPMENT_ASSET_PATHS = "\"SideKit/Preview Content\"";
				ENABLE_PREVIEWS = YES;
				GENERATE_INFOPLIST_FILE = YES;
				HEADER_SEARCH_PATHS = (
					"$(inherited)",
					"$(SRCROOT)/SideKitAudio/include",
				);
				INFOPLIST_KEY_CFBundleDisplayName = SideKit;
				INFOPLIST_KEY_LSApplicationCategoryType = "public.app-category.music";
				INFOPLIST_KEY_NSMicrophoneUsageDescription = "SideKit can use the iPhone mic as a mixer channel source.";
				INFOPLIST_KEY_UIApplicationSceneManifest_Generation = YES;
				INFOPLIST_KEY_UIApplicationSupportsIndirectInputEvents = YES;
				INFOPLIST_KEY_UIBackgroundModes = audio;
				INFOPLIST_KEY_UILaunchScreen_Generation = YES;
				INFOPLIST_KEY_UISupportedInterfaceOrientations = UIInterfaceOrientationPortrait;
				INFOPLIST_KEY_UISupportedInterfaceOrientations_iPad = UIInterfaceOrientationPortrait;
				LD_RUNPATH_SEARCH_PATHS = (
					"$(inherited)",
					"@executable_path/Frameworks",
				);
				LIBRARY_SEARCH_PATHS = (
					"$(inherited)",
					"$(BUILD_DIR)/$(CONFIGURATION)$(EFFECTIVE_PLATFORM_NAME)",
				);
				MARKETING_VERSION = 1.0;
				OTHER_LDFLAGS = (
					"$(inherited)",
					"-lc++",
				);
				PRODUCT_BUNDLE_IDENTIFIER = com.johnnyclem.SideKit;
				PRODUCT_NAME = "$(TARGET_NAME)";
				SUPPORTED_PLATFORMS = "iphoneos iphonesimulator";
				SUPPORTS_MACCATALYST = NO;
				SWIFT_EMIT_LOC_STRINGS = YES;
				SWIFT_OBJC_BRIDGING_HEADER = "SideKit/SideKit-Bridging-Header.h";
				SWIFT_STRICT_CONCURRENCY = targeted;
				SWIFT_VERSION = 5.0;
				TARGETED_DEVICE_FAMILY = 1;
			};
			name = Debug;
		};
		F20000000000000000000004 /* Release */ = {
			isa = XCBuildConfiguration;
			buildSettings = {
				ASSETCATALOG_COMPILER_APPICON_NAME = AppIcon;
				ASSETCATALOG_COMPILER_GLOBAL_ACCENT_COLOR_NAME = AccentColor;
				CODE_SIGN_IDENTITY = "Apple Development";
				CODE_SIGN_STYLE = Automatic;
				CURRENT_PROJECT_VERSION = 1;
				DEVELOPMENT_ASSET_PATHS = "\"SideKit/Preview Content\"";
				ENABLE_PREVIEWS = YES;
				GENERATE_INFOPLIST_FILE = YES;
				HEADER_SEARCH_PATHS = (
					"$(inherited)",
					"$(SRCROOT)/SideKitAudio/include",
				);
				INFOPLIST_KEY_CFBundleDisplayName = SideKit;
				INFOPLIST_KEY_LSApplicationCategoryType = "public.app-category.music";
				INFOPLIST_KEY_NSMicrophoneUsageDescription = "SideKit can use the iPhone mic as a mixer channel source.";
				INFOPLIST_KEY_UIApplicationSceneManifest_Generation = YES;
				INFOPLIST_KEY_UIApplicationSupportsIndirectInputEvents = YES;
				INFOPLIST_KEY_UIBackgroundModes = audio;
				INFOPLIST_KEY_UILaunchScreen_Generation = YES;
				INFOPLIST_KEY_UISupportedInterfaceOrientations = UIInterfaceOrientationPortrait;
				INFOPLIST_KEY_UISupportedInterfaceOrientations_iPad = UIInterfaceOrientationPortrait;
				LD_RUNPATH_SEARCH_PATHS = (
					"$(inherited)",
					"@executable_path/Frameworks",
				);
				LIBRARY_SEARCH_PATHS = (
					"$(inherited)",
					"$(BUILD_DIR)/$(CONFIGURATION)$(EFFECTIVE_PLATFORM_NAME)",
				);
				MARKETING_VERSION = 1.0;
				OTHER_LDFLAGS = (
					"$(inherited)",
					"-lc++",
				);
				PRODUCT_BUNDLE_IDENTIFIER = com.johnnyclem.SideKit;
				PRODUCT_NAME = "$(TARGET_NAME)";
				SUPPORTED_PLATFORMS = "iphoneos iphonesimulator";
				SUPPORTS_MACCATALYST = NO;
				SWIFT_EMIT_LOC_STRINGS = YES;
				SWIFT_OBJC_BRIDGING_HEADER = "SideKit/SideKit-Bridging-Header.h";
				SWIFT_STRICT_CONCURRENCY = targeted;
				SWIFT_VERSION = 5.0;
				TARGETED_DEVICE_FAMILY = 1;
			};
			name = Release;
		};
		F20000000000000000000023 /* Debug */ = {
			isa = XCBuildConfiguration;
			buildSettings = {
				CLANG_CXX_LANGUAGE_STANDARD = "gnu++17";
				CLANG_ENABLE_MODULES = YES;
				CODE_SIGNING_ALLOWED = NO;
				EXECUTABLE_PREFIX = lib;
				HEADER_SEARCH_PATHS = (
					"$(inherited)",
					"$(SRCROOT)/SideKitAudio/include",
					"$(SRCROOT)/SideKitAudio/src",
				);
				IPHONEOS_DEPLOYMENT_TARGET = 17.0;
				OTHER_CPLUSPLUSFLAGS = (
					"$(OTHER_CFLAGS)",
					"-fno-exceptions",
					"-fno-rtti",
				);
				PRODUCT_NAME = SideKitAudio;
				SKIP_INSTALL = YES;
				SUPPORTED_PLATFORMS = "iphoneos iphonesimulator";
				TARGETED_DEVICE_FAMILY = 1;
			};
			name = Debug;
		};
		F20000000000000000000024 /* Release */ = {
			isa = XCBuildConfiguration;
			buildSettings = {
				CLANG_CXX_LANGUAGE_STANDARD = "gnu++17";
				CLANG_ENABLE_MODULES = YES;
				CODE_SIGNING_ALLOWED = NO;
				EXECUTABLE_PREFIX = lib;
				HEADER_SEARCH_PATHS = (
					"$(inherited)",
					"$(SRCROOT)/SideKitAudio/include",
					"$(SRCROOT)/SideKitAudio/src",
				);
				IPHONEOS_DEPLOYMENT_TARGET = 17.0;
				OTHER_CPLUSPLUSFLAGS = (
					"$(OTHER_CFLAGS)",
					"-fno-exceptions",
					"-fno-rtti",
				);
				PRODUCT_NAME = SideKitAudio;
				SKIP_INSTALL = YES;
				SUPPORTED_PLATFORMS = "iphoneos iphonesimulator";
				TARGETED_DEVICE_FAMILY = 1;
			};
			name = Release;
		};
/* End XCBuildConfiguration section */

/* Begin XCConfigurationList section */
		F10000000000000000000010 /* Build configuration list for PBXProject "SideKit" */ = {
			isa = XCConfigurationList;
			buildConfigurations = (
				F20000000000000000000001 /* Debug */,
				F20000000000000000000002 /* Release */,
			);
			defaultConfigurationIsVisible = 0;
			defaultConfigurationName = Release;
		};
		F10000000000000000000011 /* Build configuration list for PBXNativeTarget "SideKit" */ = {
			isa = XCConfigurationList;
			buildConfigurations = (
				F20000000000000000000003 /* Debug */,
				F20000000000000000000004 /* Release */,
			);
			defaultConfigurationIsVisible = 0;
			defaultConfigurationName = Release;
		};
		F20000000000000000000021 /* Build configuration list for PBXNativeTarget "SideKitAudio" */ = {
			isa = XCConfigurationList;
			buildConfigurations = (
				F20000000000000000000023 /* Debug */,
				F20000000000000000000024 /* Release */,
			);
			defaultConfigurationIsVisible = 0;
			defaultConfigurationName = Release;
		};
/* End XCConfigurationList section */
	};
	rootObject = F10000000000000000000000 /* Project object */;
}
